
Microsoft Visual Studio Solution File, Format Version 12.00
# Visual Studio Version 16
VisualStudioVersion = 16.0.30711.63
MinimumVisualStudioVersion = 10.0.40219.1
Project("{FAE04EC0-301F-11D3-BF4B-00C04F79EFBC}") = "FormFileUpload", "FormFileUpload\FormFileUpload.csproj", "{17CCDC17-57B9-4C71-B9DE-A3A270961AAE}"
EndProject
Global
	GlobalSection(SolutionConfigurationPlatforms) = preSolution
		Debug|Any CPU = Debug|Any CPU
		Release|Any CPU = Release|Any CPU
	EndGlobalSection
	GlobalSection(ProjectConfigurationPlatforms) = postSolution
		{17CCDC17-57B9-4C71-B9DE-A3A270961AAE}.Debug|Any CPU.ActiveCfg = Debug|Any CPU
		{17CCDC17-57B9-4C71-B9DE-A3A270961AAE}.Debug|Any CPU.Build.0 = Debug|Any CPU
		{17CCDC17-57B9-4C71-B9DE-A3A270961AAE}.Release|Any CPU.ActiveCfg = Release|Any CPU
		{17CCDC17-57B9-4C71-B9DE-A3A270961AAE}.Release|Any CPU.Build.0 = Release|Any CPU
	EndGlobalSection
	GlobalSection(SolutionProperties) = preSolution
		HideSolutionNode = FALSE
	EndGlobalSection
	GlobalSection(ExtensibilityGlobals) = postSolution
		SolutionGuid = {33EDF68D-215F-4F2D-BBE3-B254A37B380D}
	EndGlobalSection
EndGlobal
